
Microsoft Visual Studio Solution File, Format Version 12.00
# Visual Studio Version 17
VisualStudioVersion = 17.4.33213.308
MinimumVisualStudioVersion = 10.0.40219.1
Project("{FAE04EC0-301F-11D3-BF4B-00C04F79EFBC}") = "BeatySaloonApi", "BeatySaloonApi\BeatySaloonApi.csproj", "{3E04F4AA-5654-4349-BFB7-CF0A8289D2D9}"
EndProject
Global
	GlobalSection(SolutionConfigurationPlatforms) = preSolution
		Debug|Any CPU = Debug|Any CPU
		Release|Any CPU = Release|Any CPU
	EndGlobalSection
	GlobalSection(ProjectConfigurationPlatforms) = postSolution
		{3E04F4AA-5654-4349-BFB7-CF0A8289D2D9}.Debug|Any CPU.ActiveCfg = Debug|Any CPU
		{3E04F4AA-5654-4349-BFB7-CF0A8289D2D9}.Debug|Any CPU.Build.0 = Debug|Any CPU
		{3E04F4AA-5654-4349-BFB7-CF0A8289D2D9}.Release|Any CPU.ActiveCfg = Release|Any CPU
		{3E04F4AA-5654-4349-BFB7-CF0A8289D2D9}.Release|Any CPU.Build.0 = Release|Any CPU
	EndGlobalSection
	GlobalSection(SolutionProperties) = preSolution
		HideSolutionNode = FALSE
	EndGlobalSection
	GlobalSection(ExtensibilityGlobals) = postSolution
		SolutionGuid = {E09D4FF2-52FA-4788-886F-C7F8AC8D2829}
	EndGlobalSection
EndGlobal
